
Microsoft Visual Studio Solution File, Format Version 12.00
# Visual Studio 15
VisualStudioVersion = 15.0.28010.2046
MinimumVisualStudioVersion = 10.0.40219.1
Project("{FAE04EC0-301F-11D3-BF4B-00C04F79EFBC}") = "SMS_Library", "SMS_Library\SMS_Library.csproj", "{10B9847D-748A-4FB5-8153-1CD6B452E098}"
EndProject
Project("{FAE04EC0-301F-11D3-BF4B-00C04F79EFBC}") = "SMS_Api", "SMS_Api\SMS_Api.csproj", "{DA447ADD-E68F-4DA9-911B-B7E98B7CB6F2}"
EndProject
Global
	GlobalSection(SolutionConfigurationPlatforms) = preSolution
		Debug|Any CPU = Debug|Any CPU
		Release|Any CPU = Release|Any CPU
	EndGlobalSection
	GlobalSection(ProjectConfigurationPlatforms) = postSolution
		{10B9847D-748A-4FB5-8153-1CD6B452E098}.Debug|Any CPU.ActiveCfg = Debug|Any CPU
		{10B9847D-748A-4FB5-8153-1CD6B452E098}.Debug|Any CPU.Build.0 = Debug|Any CPU
		{10B9847D-748A-4FB5-8153-1CD6B452E098}.Release|Any CPU.ActiveCfg = Release|Any CPU
		{10B9847D-748A-4FB5-8153-1CD6B452E098}.Release|Any CPU.Build.0 = Release|Any CPU
		{DA447ADD-E68F-4DA9-911B-B7E98B7CB6F2}.Debug|Any CPU.ActiveCfg = Debug|Any CPU
		{DA447ADD-E68F-4DA9-911B-B7E98B7CB6F2}.Debug|Any CPU.Build.0 = Debug|Any CPU
		{DA447ADD-E68F-4DA9-911B-B7E98B7CB6F2}.Release|Any CPU.ActiveCfg = Release|Any CPU
		{DA447ADD-E68F-4DA9-911B-B7E98B7CB6F2}.Release|Any CPU.Build.0 = Release|Any CPU
	EndGlobalSection
	GlobalSection(SolutionProperties) = preSolution
		HideSolutionNode = FALSE
	EndGlobalSection
	GlobalSection(ExtensibilityGlobals) = postSolution
		SolutionGuid = {10AD5AAB-ADBB-457E-8F7F-184B06D3D10E}
	EndGlobalSection
EndGlobal
