
Microsoft Visual Studio Solution File, Format Version 12.00
# Visual Studio 14
VisualStudioVersion = 14.0.24720.0
MinimumVisualStudioVersion = 10.0.40219.1
Project("{FAE04EC0-301F-11D3-BF4B-00C04F79EFBC}") = "SMS_App", "..\SMS_App\SMS_App.csproj", "{133698DB-9D83-4641-87D9-AAF65D284042}"
EndProject
Project("{FAE04EC0-301F-11D3-BF4B-00C04F79EFBC}") = "SMS_Library", "..\SMS_Library\SMS_Library.csproj", "{10B9847D-748A-4FB5-8153-1CD6B452E098}"
EndProject
Project("{FAE04EC0-301F-11D3-BF4B-00C04F79EFBC}") = "SMS_Api", "..\SMS_Api\SMS_Api.csproj", "{DA447ADD-E68F-4DA9-911B-B7E98B7CB6F2}"
EndProject
Project("{FAE04EC0-301F-11D3-BF4B-00C04F79EFBC}") = "SMS_Api.Tests", "SMS_Api.Tests\SMS_Api.Tests.csproj", "{368BAFD0-4281-430D-B2CF-14829CD6AA38}"
EndProject
Global
	GlobalSection(SolutionConfigurationPlatforms) = preSolution
		Debug|Any CPU = Debug|Any CPU
		Release|Any CPU = Release|Any CPU
	EndGlobalSection
	GlobalSection(ProjectConfigurationPlatforms) = postSolution
		{133698DB-9D83-4641-87D9-AAF65D284042}.Debug|Any CPU.ActiveCfg = Debug|Any CPU
		{133698DB-9D83-4641-87D9-AAF65D284042}.Debug|Any CPU.Build.0 = Debug|Any CPU
		{133698DB-9D83-4641-87D9-AAF65D284042}.Release|Any CPU.ActiveCfg = Release|Any CPU
		{133698DB-9D83-4641-87D9-AAF65D284042}.Release|Any CPU.Build.0 = Release|Any CPU
		{10B9847D-748A-4FB5-8153-1CD6B452E098}.Debug|Any CPU.ActiveCfg = Debug|Any CPU
		{10B9847D-748A-4FB5-8153-1CD6B452E098}.Debug|Any CPU.Build.0 = Debug|Any CPU
		{10B9847D-748A-4FB5-8153-1CD6B452E098}.Release|Any CPU.ActiveCfg = Release|Any CPU
		{10B9847D-748A-4FB5-8153-1CD6B452E098}.Release|Any CPU.Build.0 = Release|Any CPU
		{DA447ADD-E68F-4DA9-911B-B7E98B7CB6F2}.Debug|Any CPU.ActiveCfg = Debug|Any CPU
		{DA447ADD-E68F-4DA9-911B-B7E98B7CB6F2}.Debug|Any CPU.Build.0 = Debug|Any CPU
		{DA447ADD-E68F-4DA9-911B-B7E98B7CB6F2}.Release|Any CPU.ActiveCfg = Release|Any CPU
		{DA447ADD-E68F-4DA9-911B-B7E98B7CB6F2}.Release|Any CPU.Build.0 = Release|Any CPU
		{368BAFD0-4281-430D-B2CF-14829CD6AA38}.Debug|Any CPU.ActiveCfg = Debug|Any CPU
		{368BAFD0-4281-430D-B2CF-14829CD6AA38}.Debug|Any CPU.Build.0 = Debug|Any CPU
		{368BAFD0-4281-430D-B2CF-14829CD6AA38}.Release|Any CPU.ActiveCfg = Release|Any CPU
		{368BAFD0-4281-430D-B2CF-14829CD6AA38}.Release|Any CPU.Build.0 = Release|Any CPU
	EndGlobalSection
	GlobalSection(SolutionProperties) = preSolution
		HideSolutionNode = FALSE
	EndGlobalSection
EndGlobal
